
Microsoft Visual Studio Solution File, Format Version 12.00
# Visual Studio Version 17
VisualStudioVersion = 17.13.35931.197 d17.13
MinimumVisualStudioVersion = 10.0.40219.1
Project("{FAE04EC0-301F-11D3-BF4B-00C04F79EFBC}") = "Tarefas_App2", "WinFormsApp1\Tarefas_App2.csproj", "{279B031F-F65E-48F2-B593-568D22F204B3}"
EndProject
Global
	GlobalSection(SolutionConfigurationPlatforms) = preSolution
		Debug|Any CPU = Debug|Any CPU
		Release|Any CPU = Release|Any CPU
	EndGlobalSection
	GlobalSection(ProjectConfigurationPlatforms) = postSolution
		{279B031F-F65E-48F2-B593-568D22F204B3}.Debug|Any CPU.ActiveCfg = Debug|Any CPU
		{279B031F-F65E-48F2-B593-568D22F204B3}.Debug|Any CPU.Build.0 = Debug|Any CPU
		{279B031F-F65E-48F2-B593-568D22F204B3}.Release|Any CPU.ActiveCfg = Release|Any CPU
		{279B031F-F65E-48F2-B593-568D22F204B3}.Release|Any CPU.Build.0 = Release|Any CPU
	EndGlobalSection
	GlobalSection(SolutionProperties) = preSolution
		HideSolutionNode = FALSE
	EndGlobalSection
	GlobalSection(ExtensibilityGlobals) = postSolution
		SolutionGuid = {1C4B10BA-26B2-4BB4-AF38-AC68A52E59B0}
	EndGlobalSection
EndGlobal
